
Microsoft Visual Studio Solution File, Format Version 12.00
# Visual Studio Version 17
VisualStudioVersion = 17.0.32014.148
MinimumVisualStudioVersion = 10.0.40219.1
Project("{9A19103F-16F7-4668-BE54-9A1E7A4F7556}") = "App1", "App1.csproj", "{46A2ED75-76C8-4CC6-8053-F69AC4FABE95}"
EndProject
Project("{9A19103F-16F7-4668-BE54-9A1E7A4F7556}") = "Models", "..\Models\Models.csproj", "{DB2A05AE-C70E-4330-B422-90AD2BF3F5DB}"
EndProject
Project("{9A19103F-16F7-4668-BE54-9A1E7A4F7556}") = "Adapters", "..\Adapters\Adapters.csproj", "{E717E8D3-317F-47CE-951F-F2136FB070B5}"
EndProject
Project("{9A19103F-16F7-4668-BE54-9A1E7A4F7556}") = "ViewModels", "..\ViewModels\ViewModels.csproj", "{44BEEDFD-9EBA-4B5F-AC9D-E50BF18D313D}"
EndProject
Project("{2150E333-8FDC-42A3-9474-1A3956D46DE8}") = "Tests", "Tests", "{94139EC9-E069-42CE-B4A6-973B4CF23B63}"
EndProject
Project("{9A19103F-16F7-4668-BE54-9A1E7A4F7556}") = "AdaptersTests", "..\Tests\AdaptersTests\AdaptersTests.csproj", "{A846E1A4-27CF-4B14-9420-CC9801B9BC82}"
EndProject
Project("{9A19103F-16F7-4668-BE54-9A1E7A4F7556}") = "ModelsTests", "..\Tests\ModelsTests\ModelsTests.csproj", "{183A0951-0942-4DF8-9F1F-30AB1ABFB20E}"
EndProject
Global
	GlobalSection(SolutionConfigurationPlatforms) = preSolution
		Debug|x64 = Debug|x64
		Debug|x86 = Debug|x86
		Release|x64 = Release|x64
		Release|x86 = Release|x86
	EndGlobalSection
	GlobalSection(ProjectConfigurationPlatforms) = postSolution
		{46A2ED75-76C8-4CC6-8053-F69AC4FABE95}.Debug|x64.ActiveCfg = Debug|x64
		{46A2ED75-76C8-4CC6-8053-F69AC4FABE95}.Debug|x64.Build.0 = Debug|x64
		{46A2ED75-76C8-4CC6-8053-F69AC4FABE95}.Debug|x64.Deploy.0 = Debug|x64
		{46A2ED75-76C8-4CC6-8053-F69AC4FABE95}.Debug|x86.ActiveCfg = Debug|x86
		{46A2ED75-76C8-4CC6-8053-F69AC4FABE95}.Debug|x86.Build.0 = Debug|x86
		{46A2ED75-76C8-4CC6-8053-F69AC4FABE95}.Debug|x86.Deploy.0 = Debug|x86
		{46A2ED75-76C8-4CC6-8053-F69AC4FABE95}.Release|x64.ActiveCfg = Release|x64
		{46A2ED75-76C8-4CC6-8053-F69AC4FABE95}.Release|x64.Build.0 = Release|x64
		{46A2ED75-76C8-4CC6-8053-F69AC4FABE95}.Release|x64.Deploy.0 = Release|x64
		{46A2ED75-76C8-4CC6-8053-F69AC4FABE95}.Release|x86.ActiveCfg = Release|x86
		{46A2ED75-76C8-4CC6-8053-F69AC4FABE95}.Release|x86.Build.0 = Release|x86
		{46A2ED75-76C8-4CC6-8053-F69AC4FABE95}.Release|x86.Deploy.0 = Release|x86
		{DB2A05AE-C70E-4330-B422-90AD2BF3F5DB}.Debug|x64.ActiveCfg = Debug|x64
		{DB2A05AE-C70E-4330-B422-90AD2BF3F5DB}.Debug|x64.Build.0 = Debug|x64
		{DB2A05AE-C70E-4330-B422-90AD2BF3F5DB}.Debug|x86.ActiveCfg = Debug|x86
		{DB2A05AE-C70E-4330-B422-90AD2BF3F5DB}.Debug|x86.Build.0 = Debug|x86
		{DB2A05AE-C70E-4330-B422-90AD2BF3F5DB}.Release|x64.ActiveCfg = Release|x64
		{DB2A05AE-C70E-4330-B422-90AD2BF3F5DB}.Release|x64.Build.0 = Release|x64
		{DB2A05AE-C70E-4330-B422-90AD2BF3F5DB}.Release|x86.ActiveCfg = Release|x86
		{DB2A05AE-C70E-4330-B422-90AD2BF3F5DB}.Release|x86.Build.0 = Release|x86
		{E717E8D3-317F-47CE-951F-F2136FB070B5}.Debug|x64.ActiveCfg = Debug|x64
		{E717E8D3-317F-47CE-951F-F2136FB070B5}.Debug|x64.Build.0 = Debug|x64
		{E717E8D3-317F-47CE-951F-F2136FB070B5}.Debug|x86.ActiveCfg = Debug|x86
		{E717E8D3-317F-47CE-951F-F2136FB070B5}.Debug|x86.Build.0 = Debug|x86
		{E717E8D3-317F-47CE-951F-F2136FB070B5}.Release|x64.ActiveCfg = Release|x64
		{E717E8D3-317F-47CE-951F-F2136FB070B5}.Release|x64.Build.0 = Release|x64
		{E717E8D3-317F-47CE-951F-F2136FB070B5}.Release|x86.ActiveCfg = Release|x86
		{E717E8D3-317F-47CE-951F-F2136FB070B5}.Release|x86.Build.0 = Release|x86
		{44BEEDFD-9EBA-4B5F-AC9D-E50BF18D313D}.Debug|x64.ActiveCfg = Debug|x64
		{44BEEDFD-9EBA-4B5F-AC9D-E50BF18D313D}.Debug|x64.Build.0 = Debug|x64
		{44BEEDFD-9EBA-4B5F-AC9D-E50BF18D313D}.Debug|x86.ActiveCfg = Debug|x86
		{44BEEDFD-9EBA-4B5F-AC9D-E50BF18D313D}.Debug|x86.Build.0 = Debug|x86
		{44BEEDFD-9EBA-4B5F-AC9D-E50BF18D313D}.Release|x64.ActiveCfg = Release|x64
		{44BEEDFD-9EBA-4B5F-AC9D-E50BF18D313D}.Release|x64.Build.0 = Release|x64
		{44BEEDFD-9EBA-4B5F-AC9D-E50BF18D313D}.Release|x86.ActiveCfg = Release|x86
		{44BEEDFD-9EBA-4B5F-AC9D-E50BF18D313D}.Release|x86.Build.0 = Release|x86
		{A846E1A4-27CF-4B14-9420-CC9801B9BC82}.Debug|x64.ActiveCfg = Debug|x64
		{A846E1A4-27CF-4B14-9420-CC9801B9BC82}.Debug|x64.Build.0 = Debug|x64
		{A846E1A4-27CF-4B14-9420-CC9801B9BC82}.Debug|x64.Deploy.0 = Debug|x64
		{A846E1A4-27CF-4B14-9420-CC9801B9BC82}.Debug|x86.ActiveCfg = Debug|x86
		{A846E1A4-27CF-4B14-9420-CC9801B9BC82}.Debug|x86.Build.0 = Debug|x86
		{A846E1A4-27CF-4B14-9420-CC9801B9BC82}.Debug|x86.Deploy.0 = Debug|x86
		{A846E1A4-27CF-4B14-9420-CC9801B9BC82}.Release|x64.ActiveCfg = Release|x64
		{A846E1A4-27CF-4B14-9420-CC9801B9BC82}.Release|x64.Build.0 = Release|x64
		{A846E1A4-27CF-4B14-9420-CC9801B9BC82}.Release|x64.Deploy.0 = Release|x64
		{A846E1A4-27CF-4B14-9420-CC9801B9BC82}.Release|x86.ActiveCfg = Release|x86
		{A846E1A4-27CF-4B14-9420-CC9801B9BC82}.Release|x86.Build.0 = Release|x86
		{A846E1A4-27CF-4B14-9420-CC9801B9BC82}.Release|x86.Deploy.0 = Release|x86
		{183A0951-0942-4DF8-9F1F-30AB1ABFB20E}.Debug|x64.ActiveCfg = Debug|x64
		{183A0951-0942-4DF8-9F1F-30AB1ABFB20E}.Debug|x64.Build.0 = Debug|x64
		{183A0951-0942-4DF8-9F1F-30AB1ABFB20E}.Debug|x86.ActiveCfg = Debug|x86
		{183A0951-0942-4DF8-9F1F-30AB1ABFB20E}.Debug|x86.Build.0 = Debug|x86
		{183A0951-0942-4DF8-9F1F-30AB1ABFB20E}.Release|x64.ActiveCfg = Release|x64
		{183A0951-0942-4DF8-9F1F-30AB1ABFB20E}.Release|x64.Build.0 = Release|x64
		{183A0951-0942-4DF8-9F1F-30AB1ABFB20E}.Release|x86.ActiveCfg = Release|x86
		{183A0951-0942-4DF8-9F1F-30AB1ABFB20E}.Release|x86.Build.0 = Release|x86
	EndGlobalSection
	GlobalSection(SolutionProperties) = preSolution
		HideSolutionNode = FALSE
	EndGlobalSection
	GlobalSection(NestedProjects) = preSolution
		{A846E1A4-27CF-4B14-9420-CC9801B9BC82} = {94139EC9-E069-42CE-B4A6-973B4CF23B63}
		{183A0951-0942-4DF8-9F1F-30AB1ABFB20E} = {94139EC9-E069-42CE-B4A6-973B4CF23B63}
	EndGlobalSection
	GlobalSection(ExtensibilityGlobals) = postSolution
		SolutionGuid = {895D59C6-6E8B-4ADA-A0EA-C8FE4225FB35}
	EndGlobalSection
EndGlobal
