
Microsoft Visual Studio Solution File, Format Version 12.00
# Visual Studio Version 17
VisualStudioVersion = 17.0.32014.148
MinimumVisualStudioVersion = 10.0.40219.1
Project("{9A19103F-16F7-4668-BE54-9A1E7A4F7556}") = "App1", "App1.csproj", "{46A2ED75-76C8-4CC6-8053-F69AC4FABE95}"
EndProject
Project("{9A19103F-16F7-4668-BE54-9A1E7A4F7556}") = "Models", "..\Models\Models.csproj", "{DB2A05AE-C70E-4330-B422-90AD2BF3F5DB}"
EndProject
Project("{9A19103F-16F7-4668-BE54-9A1E7A4F7556}") = "Adapters", "..\Adapters\Adapters.csproj", "{E717E8D3-317F-47CE-951F-F2136FB070B5}"
EndProject
Project("{9A19103F-16F7-4668-BE54-9A1E7A4F7556}") = "AdaptersTests", "..\AdaptersTests\AdaptersTests.csproj", "{80E44802-617C-4E54-BEE4-DE660BD4CDC7}"
EndProject
Project("{FAE04EC0-301F-11D3-BF4B-00C04F79EFBC}") = "ModelsTests", "..\ModelsTests\ModelsTests.csproj", "{FCD36277-392F-4D34-9165-39076337C73F}"
EndProject
Global
	GlobalSection(SolutionConfigurationPlatforms) = preSolution
		Debug|Any CPU = Debug|Any CPU
		Debug|arm64 = Debug|arm64
		Debug|x64 = Debug|x64
		Debug|x86 = Debug|x86
		Release|Any CPU = Release|Any CPU
		Release|arm64 = Release|arm64
		Release|x64 = Release|x64
		Release|x86 = Release|x86
	EndGlobalSection
	GlobalSection(ProjectConfigurationPlatforms) = postSolution
		{46A2ED75-76C8-4CC6-8053-F69AC4FABE95}.Debug|Any CPU.ActiveCfg = Debug|x64
		{46A2ED75-76C8-4CC6-8053-F69AC4FABE95}.Debug|Any CPU.Build.0 = Debug|x64
		{46A2ED75-76C8-4CC6-8053-F69AC4FABE95}.Debug|Any CPU.Deploy.0 = Debug|x64
		{46A2ED75-76C8-4CC6-8053-F69AC4FABE95}.Debug|arm64.ActiveCfg = Debug|arm64
		{46A2ED75-76C8-4CC6-8053-F69AC4FABE95}.Debug|arm64.Build.0 = Debug|arm64
		{46A2ED75-76C8-4CC6-8053-F69AC4FABE95}.Debug|arm64.Deploy.0 = Debug|arm64
		{46A2ED75-76C8-4CC6-8053-F69AC4FABE95}.Debug|x64.ActiveCfg = Debug|x64
		{46A2ED75-76C8-4CC6-8053-F69AC4FABE95}.Debug|x64.Build.0 = Debug|x64
		{46A2ED75-76C8-4CC6-8053-F69AC4FABE95}.Debug|x64.Deploy.0 = Debug|x64
		{46A2ED75-76C8-4CC6-8053-F69AC4FABE95}.Debug|x86.ActiveCfg = Debug|x86
		{46A2ED75-76C8-4CC6-8053-F69AC4FABE95}.Debug|x86.Build.0 = Debug|x86
		{46A2ED75-76C8-4CC6-8053-F69AC4FABE95}.Debug|x86.Deploy.0 = Debug|x86
		{46A2ED75-76C8-4CC6-8053-F69AC4FABE95}.Release|Any CPU.ActiveCfg = Release|x64
		{46A2ED75-76C8-4CC6-8053-F69AC4FABE95}.Release|Any CPU.Build.0 = Release|x64
		{46A2ED75-76C8-4CC6-8053-F69AC4FABE95}.Release|Any CPU.Deploy.0 = Release|x64
		{46A2ED75-76C8-4CC6-8053-F69AC4FABE95}.Release|arm64.ActiveCfg = Release|arm64
		{46A2ED75-76C8-4CC6-8053-F69AC4FABE95}.Release|arm64.Build.0 = Release|arm64
		{46A2ED75-76C8-4CC6-8053-F69AC4FABE95}.Release|arm64.Deploy.0 = Release|arm64
		{46A2ED75-76C8-4CC6-8053-F69AC4FABE95}.Release|x64.ActiveCfg = Release|x64
		{46A2ED75-76C8-4CC6-8053-F69AC4FABE95}.Release|x64.Build.0 = Release|x64
		{46A2ED75-76C8-4CC6-8053-F69AC4FABE95}.Release|x64.Deploy.0 = Release|x64
		{46A2ED75-76C8-4CC6-8053-F69AC4FABE95}.Release|x86.ActiveCfg = Release|x86
		{46A2ED75-76C8-4CC6-8053-F69AC4FABE95}.Release|x86.Build.0 = Release|x86
		{46A2ED75-76C8-4CC6-8053-F69AC4FABE95}.Release|x86.Deploy.0 = Release|x86
		{DB2A05AE-C70E-4330-B422-90AD2BF3F5DB}.Debug|Any CPU.ActiveCfg = Debug|Any CPU
		{DB2A05AE-C70E-4330-B422-90AD2BF3F5DB}.Debug|Any CPU.Build.0 = Debug|Any CPU
		{DB2A05AE-C70E-4330-B422-90AD2BF3F5DB}.Debug|arm64.ActiveCfg = Debug|Any CPU
		{DB2A05AE-C70E-4330-B422-90AD2BF3F5DB}.Debug|arm64.Build.0 = Debug|Any CPU
		{DB2A05AE-C70E-4330-B422-90AD2BF3F5DB}.Debug|x64.ActiveCfg = Debug|Any CPU
		{DB2A05AE-C70E-4330-B422-90AD2BF3F5DB}.Debug|x64.Build.0 = Debug|Any CPU
		{DB2A05AE-C70E-4330-B422-90AD2BF3F5DB}.Debug|x86.ActiveCfg = Debug|Any CPU
		{DB2A05AE-C70E-4330-B422-90AD2BF3F5DB}.Debug|x86.Build.0 = Debug|Any CPU
		{DB2A05AE-C70E-4330-B422-90AD2BF3F5DB}.Release|Any CPU.ActiveCfg = Release|Any CPU
		{DB2A05AE-C70E-4330-B422-90AD2BF3F5DB}.Release|Any CPU.Build.0 = Release|Any CPU
		{DB2A05AE-C70E-4330-B422-90AD2BF3F5DB}.Release|arm64.ActiveCfg = Release|Any CPU
		{DB2A05AE-C70E-4330-B422-90AD2BF3F5DB}.Release|arm64.Build.0 = Release|Any CPU
		{DB2A05AE-C70E-4330-B422-90AD2BF3F5DB}.Release|x64.ActiveCfg = Release|Any CPU
		{DB2A05AE-C70E-4330-B422-90AD2BF3F5DB}.Release|x64.Build.0 = Release|Any CPU
		{DB2A05AE-C70E-4330-B422-90AD2BF3F5DB}.Release|x86.ActiveCfg = Release|Any CPU
		{DB2A05AE-C70E-4330-B422-90AD2BF3F5DB}.Release|x86.Build.0 = Release|Any CPU
		{E717E8D3-317F-47CE-951F-F2136FB070B5}.Debug|Any CPU.ActiveCfg = Debug|Any CPU
		{E717E8D3-317F-47CE-951F-F2136FB070B5}.Debug|Any CPU.Build.0 = Debug|Any CPU
		{E717E8D3-317F-47CE-951F-F2136FB070B5}.Debug|arm64.ActiveCfg = Debug|Any CPU
		{E717E8D3-317F-47CE-951F-F2136FB070B5}.Debug|arm64.Build.0 = Debug|Any CPU
		{E717E8D3-317F-47CE-951F-F2136FB070B5}.Debug|x64.ActiveCfg = Debug|Any CPU
		{E717E8D3-317F-47CE-951F-F2136FB070B5}.Debug|x64.Build.0 = Debug|Any CPU
		{E717E8D3-317F-47CE-951F-F2136FB070B5}.Debug|x86.ActiveCfg = Debug|Any CPU
		{E717E8D3-317F-47CE-951F-F2136FB070B5}.Debug|x86.Build.0 = Debug|Any CPU
		{E717E8D3-317F-47CE-951F-F2136FB070B5}.Release|Any CPU.ActiveCfg = Release|Any CPU
		{E717E8D3-317F-47CE-951F-F2136FB070B5}.Release|Any CPU.Build.0 = Release|Any CPU
		{E717E8D3-317F-47CE-951F-F2136FB070B5}.Release|arm64.ActiveCfg = Release|Any CPU
		{E717E8D3-317F-47CE-951F-F2136FB070B5}.Release|arm64.Build.0 = Release|Any CPU
		{E717E8D3-317F-47CE-951F-F2136FB070B5}.Release|x64.ActiveCfg = Release|Any CPU
		{E717E8D3-317F-47CE-951F-F2136FB070B5}.Release|x64.Build.0 = Release|Any CPU
		{E717E8D3-317F-47CE-951F-F2136FB070B5}.Release|x86.ActiveCfg = Release|Any CPU
		{E717E8D3-317F-47CE-951F-F2136FB070B5}.Release|x86.Build.0 = Release|Any CPU
		{80E44802-617C-4E54-BEE4-DE660BD4CDC7}.Debug|Any CPU.ActiveCfg = Debug|x64
		{80E44802-617C-4E54-BEE4-DE660BD4CDC7}.Debug|Any CPU.Build.0 = Debug|x64
		{80E44802-617C-4E54-BEE4-DE660BD4CDC7}.Debug|Any CPU.Deploy.0 = Debug|x64
		{80E44802-617C-4E54-BEE4-DE660BD4CDC7}.Debug|arm64.ActiveCfg = Debug|arm64
		{80E44802-617C-4E54-BEE4-DE660BD4CDC7}.Debug|arm64.Build.0 = Debug|arm64
		{80E44802-617C-4E54-BEE4-DE660BD4CDC7}.Debug|arm64.Deploy.0 = Debug|arm64
		{80E44802-617C-4E54-BEE4-DE660BD4CDC7}.Debug|x64.ActiveCfg = Debug|x64
		{80E44802-617C-4E54-BEE4-DE660BD4CDC7}.Debug|x64.Build.0 = Debug|x64
		{80E44802-617C-4E54-BEE4-DE660BD4CDC7}.Debug|x64.Deploy.0 = Debug|x64
		{80E44802-617C-4E54-BEE4-DE660BD4CDC7}.Debug|x86.ActiveCfg = Debug|x86
		{80E44802-617C-4E54-BEE4-DE660BD4CDC7}.Debug|x86.Build.0 = Debug|x86
		{80E44802-617C-4E54-BEE4-DE660BD4CDC7}.Debug|x86.Deploy.0 = Debug|x86
		{80E44802-617C-4E54-BEE4-DE660BD4CDC7}.Release|Any CPU.ActiveCfg = Release|x64
		{80E44802-617C-4E54-BEE4-DE660BD4CDC7}.Release|Any CPU.Build.0 = Release|x64
		{80E44802-617C-4E54-BEE4-DE660BD4CDC7}.Release|Any CPU.Deploy.0 = Release|x64
		{80E44802-617C-4E54-BEE4-DE660BD4CDC7}.Release|arm64.ActiveCfg = Release|arm64
		{80E44802-617C-4E54-BEE4-DE660BD4CDC7}.Release|arm64.Build.0 = Release|arm64
		{80E44802-617C-4E54-BEE4-DE660BD4CDC7}.Release|arm64.Deploy.0 = Release|arm64
		{80E44802-617C-4E54-BEE4-DE660BD4CDC7}.Release|x64.ActiveCfg = Release|x64
		{80E44802-617C-4E54-BEE4-DE660BD4CDC7}.Release|x64.Build.0 = Release|x64
		{80E44802-617C-4E54-BEE4-DE660BD4CDC7}.Release|x64.Deploy.0 = Release|x64
		{80E44802-617C-4E54-BEE4-DE660BD4CDC7}.Release|x86.ActiveCfg = Release|x86
		{80E44802-617C-4E54-BEE4-DE660BD4CDC7}.Release|x86.Build.0 = Release|x86
		{80E44802-617C-4E54-BEE4-DE660BD4CDC7}.Release|x86.Deploy.0 = Release|x86
		{FCD36277-392F-4D34-9165-39076337C73F}.Debug|Any CPU.ActiveCfg = Debug|x64
		{FCD36277-392F-4D34-9165-39076337C73F}.Debug|Any CPU.Build.0 = Debug|x64
		{FCD36277-392F-4D34-9165-39076337C73F}.Debug|Any CPU.Deploy.0 = Debug|x64
		{FCD36277-392F-4D34-9165-39076337C73F}.Debug|arm64.ActiveCfg = Debug|arm64
		{FCD36277-392F-4D34-9165-39076337C73F}.Debug|arm64.Build.0 = Debug|arm64
		{FCD36277-392F-4D34-9165-39076337C73F}.Debug|arm64.Deploy.0 = Debug|arm64
		{FCD36277-392F-4D34-9165-39076337C73F}.Debug|x64.ActiveCfg = Debug|x64
		{FCD36277-392F-4D34-9165-39076337C73F}.Debug|x64.Build.0 = Debug|x64
		{FCD36277-392F-4D34-9165-39076337C73F}.Debug|x64.Deploy.0 = Debug|x64
		{FCD36277-392F-4D34-9165-39076337C73F}.Debug|x86.ActiveCfg = Debug|x86
		{FCD36277-392F-4D34-9165-39076337C73F}.Debug|x86.Build.0 = Debug|x86
		{FCD36277-392F-4D34-9165-39076337C73F}.Debug|x86.Deploy.0 = Debug|x86
		{FCD36277-392F-4D34-9165-39076337C73F}.Release|Any CPU.ActiveCfg = Release|x64
		{FCD36277-392F-4D34-9165-39076337C73F}.Release|Any CPU.Build.0 = Release|x64
		{FCD36277-392F-4D34-9165-39076337C73F}.Release|Any CPU.Deploy.0 = Release|x64
		{FCD36277-392F-4D34-9165-39076337C73F}.Release|arm64.ActiveCfg = Release|arm64
		{FCD36277-392F-4D34-9165-39076337C73F}.Release|arm64.Build.0 = Release|arm64
		{FCD36277-392F-4D34-9165-39076337C73F}.Release|arm64.Deploy.0 = Release|arm64
		{FCD36277-392F-4D34-9165-39076337C73F}.Release|x64.ActiveCfg = Release|x64
		{FCD36277-392F-4D34-9165-39076337C73F}.Release|x64.Build.0 = Release|x64
		{FCD36277-392F-4D34-9165-39076337C73F}.Release|x64.Deploy.0 = Release|x64
		{FCD36277-392F-4D34-9165-39076337C73F}.Release|x86.ActiveCfg = Release|x86
		{FCD36277-392F-4D34-9165-39076337C73F}.Release|x86.Build.0 = Release|x86
		{FCD36277-392F-4D34-9165-39076337C73F}.Release|x86.Deploy.0 = Release|x86
	EndGlobalSection
	GlobalSection(SolutionProperties) = preSolution
		HideSolutionNode = FALSE
	EndGlobalSection
	GlobalSection(ExtensibilityGlobals) = postSolution
		SolutionGuid = {895D59C6-6E8B-4ADA-A0EA-C8FE4225FB35}
	EndGlobalSection
EndGlobal
